// !$*UTF8*$!
{
	archiveVersion = 1;
	classes = {
	};
	objectVersion = 50;
	objects = {

/* Begin PBXBuildFile section */
		4801A2DA22D5F58400BC09A2 /* of_effect.framework in Frameworks */ = {isa = PBXBuildFile; fileRef = 4801A2D922D5F58400BC09A2 /* of_effect.framework */; };
		4801A33322D5F6D000BC09A2 /* Accelerate.framework in Frameworks */ = {isa = PBXBuildFile; fileRef = 4801A33222D5F6D000BC09A2 /* Accelerate.framework */; };
		4801A33522D5F75A00BC09A2 /* MetalPerformanceShaders.framework in Frameworks */ = {isa = PBXBuildFile; fileRef = 4801A33422D5F75A00BC09A2 /* MetalPerformanceShaders.framework */; };
		481A30B522D8353200B3A436 /* venus_models in Resources */ = {isa = PBXBuildFile; fileRef = 481A30B222D8353200B3A436 /* venus_models */; };
		48DC6AD022CCBB5B0005C613 /* AppDelegate.m in Sources */ = {isa = PBXBuildFile; fileRef = 48DC6ACF22CCBB5B0005C613 /* AppDelegate.m */; };
		48DC6AD622CCBB5B0005C613 /* Main.storyboard in Resources */ = {isa = PBXBuildFile; fileRef = 48DC6AD422CCBB5B0005C613 /* Main.storyboard */; };
		48DC6AD822CCBB5C0005C613 /* Assets.xcassets in Resources */ = {isa = PBXBuildFile; fileRef = 48DC6AD722CCBB5C0005C613 /* Assets.xcassets */; };
		48DC6ADB22CCBB5C0005C613 /* LaunchScreen.storyboard in Resources */ = {isa = PBXBuildFile; fileRef = 48DC6AD922CCBB5C0005C613 /* LaunchScreen.storyboard */; };
		48DC6ADE22CCBB5C0005C613 /* main.m in Sources */ = {isa = PBXBuildFile; fileRef = 48DC6ADD22CCBB5C0005C613 /* main.m */; };
		48DC6AE622CCBC980005C613 /* TTTRtcManager.m in Sources */ = {isa = PBXBuildFile; fileRef = 48DC6AE522CCBC980005C613 /* TTTRtcManager.m */; };
		48DC6AE922CCBCE40005C613 /* TTTLoginViewController.m in Sources */ = {isa = PBXBuildFile; fileRef = 48DC6AE822CCBCE40005C613 /* TTTLoginViewController.m */; };
		48DC6AEC22CD95F00005C613 /* TTTLiveViewController.mm in Sources */ = {isa = PBXBuildFile; fileRef = 48DC6AEB22CD95F00005C613 /* TTTLiveViewController.mm */; };
		48F3837A22FABA1900D4EB92 /* StickerTool.m in Sources */ = {isa = PBXBuildFile; fileRef = 48F3836F22FABA1900D4EB92 /* StickerTool.m */; };
		48F3837B22FABA1900D4EB92 /* CameraUtil.m in Sources */ = {isa = PBXBuildFile; fileRef = 48F3837022FABA1900D4EB92 /* CameraUtil.m */; };
		48F3837C22FABA1900D4EB92 /* FilterTool.m in Sources */ = {isa = PBXBuildFile; fileRef = 48F3837122FABA1900D4EB92 /* FilterTool.m */; };
		48F3837D22FABA1900D4EB92 /* HTTPUtil.m in Sources */ = {isa = PBXBuildFile; fileRef = 48F3837222FABA1900D4EB92 /* HTTPUtil.m */; };
		48F3837E22FABA1900D4EB92 /* BeautyTool.m in Sources */ = {isa = PBXBuildFile; fileRef = 48F3837422FABA1900D4EB92 /* BeautyTool.m */; };
		48F3837F22FABA1900D4EB92 /* YYTool.mm in Sources */ = {isa = PBXBuildFile; fileRef = 48F3837822FABA1900D4EB92 /* YYTool.mm */; };
		48F3838822FABA4F00D4EB92 /* BeautyEffectPanel.m in Sources */ = {isa = PBXBuildFile; fileRef = 48F3838222FABA4E00D4EB92 /* BeautyEffectPanel.m */; };
		48F3838922FABA4F00D4EB92 /* StickerEffectPanel.m in Sources */ = {isa = PBXBuildFile; fileRef = 48F3838422FABA4F00D4EB92 /* StickerEffectPanel.m */; };
		48F3838A22FABA4F00D4EB92 /* FilterEffectPanel.m in Sources */ = {isa = PBXBuildFile; fileRef = 48F3838522FABA4F00D4EB92 /* FilterEffectPanel.m */; };
		48F3838B22FABA4F00D4EB92 /* EffectTool.mm in Sources */ = {isa = PBXBuildFile; fileRef = 48F3838622FABA4F00D4EB92 /* EffectTool.mm */; };
		48F383B022FABC2C00D4EB92 /* slookuptable1.zip in Resources */ = {isa = PBXBuildFile; fileRef = 48F3838D22FABC2C00D4EB92 /* slookuptable1.zip */; };
		48F383B122FABC2C00D4EB92 /* slookuptable2.zip in Resources */ = {isa = PBXBuildFile; fileRef = 48F3838E22FABC2C00D4EB92 /* slookuptable2.zip */; };
		48F383B222FABC2C00D4EB92 /* slookuptable3.zip in Resources */ = {isa = PBXBuildFile; fileRef = 48F3838F22FABC2C00D4EB92 /* slookuptable3.zip */; };
		48F383B322FABC2C00D4EB92 /* slookuptable4.zip in Resources */ = {isa = PBXBuildFile; fileRef = 48F3839022FABC2C00D4EB92 /* slookuptable4.zip */; };
		48F383B422FABC2C00D4EB92 /* slookuptable5.zip in Resources */ = {isa = PBXBuildFile; fileRef = 48F3839122FABC2C00D4EB92 /* slookuptable5.zip */; };
		48F383B522FABC2C00D4EB92 /* beauty.zip in Resources */ = {isa = PBXBuildFile; fileRef = 48F3839222FABC2C00D4EB92 /* beauty.zip */; };
		48F383B622FABC2C00D4EB92 /* beauty_11.png in Resources */ = {isa = PBXBuildFile; fileRef = 48F3839422FABC2C00D4EB92 /* beauty_11.png */; };
		48F383B722FABC2C00D4EB92 /* border.png in Resources */ = {isa = PBXBuildFile; fileRef = 48F3839522FABC2C00D4EB92 /* border.png */; };
		48F383B822FABC2C00D4EB92 /* beauty_10.png in Resources */ = {isa = PBXBuildFile; fileRef = 48F3839622FABC2C00D4EB92 /* beauty_10.png */; };
		48F383B922FABC2C00D4EB92 /* beauty_12.png in Resources */ = {isa = PBXBuildFile; fileRef = 48F3839722FABC2C00D4EB92 /* beauty_12.png */; };
		48F383BA22FABC2C00D4EB92 /* beauty_original.png in Resources */ = {isa = PBXBuildFile; fileRef = 48F3839822FABC2C00D4EB92 /* beauty_original.png */; };
		48F383BB22FABC2C00D4EB92 /* beauty_13.png in Resources */ = {isa = PBXBuildFile; fileRef = 48F3839922FABC2C00D4EB92 /* beauty_13.png */; };
		48F383BC22FABC2C00D4EB92 /* download.png in Resources */ = {isa = PBXBuildFile; fileRef = 48F3839A22FABC2C00D4EB92 /* download.png */; };
		48F383BD22FABC2C00D4EB92 /* beauty_14.png in Resources */ = {isa = PBXBuildFile; fileRef = 48F3839B22FABC2C00D4EB92 /* beauty_14.png */; };
		48F383BE22FABC2C00D4EB92 /* beauty_15.png in Resources */ = {isa = PBXBuildFile; fileRef = 48F3839C22FABC2C00D4EB92 /* beauty_15.png */; };
		48F383BF22FABC2C00D4EB92 /* filter_1.png in Resources */ = {isa = PBXBuildFile; fileRef = 48F3839D22FABC2C00D4EB92 /* filter_1.png */; };
		48F383C022FABC2C00D4EB92 /* filter_3.png in Resources */ = {isa = PBXBuildFile; fileRef = 48F3839E22FABC2C00D4EB92 /* filter_3.png */; };
		48F383C122FABC2C00D4EB92 /* filter_2.png in Resources */ = {isa = PBXBuildFile; fileRef = 48F3839F22FABC2C00D4EB92 /* filter_2.png */; };
		48F383C222FABC2C00D4EB92 /* circle.png in Resources */ = {isa = PBXBuildFile; fileRef = 48F383A022FABC2C00D4EB92 /* circle.png */; };
		48F383C322FABC2C00D4EB92 /* filter_6.png in Resources */ = {isa = PBXBuildFile; fileRef = 48F383A122FABC2C00D4EB92 /* filter_6.png */; };
		48F383C422FABC2C00D4EB92 /* beauty_9.png in Resources */ = {isa = PBXBuildFile; fileRef = 48F383A222FABC2C00D4EB92 /* beauty_9.png */; };
		48F383C522FABC2C00D4EB92 /* filter_5.png in Resources */ = {isa = PBXBuildFile; fileRef = 48F383A322FABC2C00D4EB92 /* filter_5.png */; };
		48F383C622FABC2C00D4EB92 /* beauty_8.png in Resources */ = {isa = PBXBuildFile; fileRef = 48F383A422FABC2C00D4EB92 /* beauty_8.png */; };
		48F383C722FABC2C00D4EB92 /* beauty_5.png in Resources */ = {isa = PBXBuildFile; fileRef = 48F383A522FABC2C00D4EB92 /* beauty_5.png */; };
		48F383C822FABC2C00D4EB92 /* beauty_4.png in Resources */ = {isa = PBXBuildFile; fileRef = 48F383A622FABC2C00D4EB92 /* beauty_4.png */; };
		48F383C922FABC2C00D4EB92 /* beauty_6.png in Resources */ = {isa = PBXBuildFile; fileRef = 48F383A722FABC2C00D4EB92 /* beauty_6.png */; };
		48F383CA22FABC2C00D4EB92 /* beauty_7.png in Resources */ = {isa = PBXBuildFile; fileRef = 48F383A822FABC2C00D4EB92 /* beauty_7.png */; };
		48F383CB22FABC2C00D4EB92 /* beauty_3.png in Resources */ = {isa = PBXBuildFile; fileRef = 48F383A922FABC2C00D4EB92 /* beauty_3.png */; };
		48F383CC22FABC2C00D4EB92 /* beauty_2.png in Resources */ = {isa = PBXBuildFile; fileRef = 48F383AA22FABC2C00D4EB92 /* beauty_2.png */; };
		48F383CD22FABC2C00D4EB92 /* beauty_0.png in Resources */ = {isa = PBXBuildFile; fileRef = 48F383AB22FABC2C00D4EB92 /* beauty_0.png */; };
		48F383CE22FABC2C00D4EB92 /* beauty_1.png in Resources */ = {isa = PBXBuildFile; fileRef = 48F383AC22FABC2C00D4EB92 /* beauty_1.png */; };
		48F383CF22FABC2C00D4EB92 /* loading.png in Resources */ = {isa = PBXBuildFile; fileRef = 48F383AD22FABC2C00D4EB92 /* loading.png */; };
		48F383D022FABC2C00D4EB92 /* thumb.png in Resources */ = {isa = PBXBuildFile; fileRef = 48F383AE22FABC2C00D4EB92 /* thumb.png */; };
		48F383D122FABC2C00D4EB92 /* close.png in Resources */ = {isa = PBXBuildFile; fileRef = 48F383AF22FABC2C00D4EB92 /* close.png */; };
		A946D5B2AE62271D19EF18D6 /* Pods_T3VideoCapture.framework in Frameworks */ = {isa = PBXBuildFile; fileRef = 129C76C4D097F77AB094864B /* Pods_T3VideoCapture.framework */; };
/* End PBXBuildFile section */

/* Begin PBXFileReference section */
		129C76C4D097F77AB094864B /* Pods_T3VideoCapture.framework */ = {isa = PBXFileReference; explicitFileType = wrapper.framework; includeInIndex = 0; path = Pods_T3VideoCapture.framework; sourceTree = BUILT_PRODUCTS_DIR; };
		4801A2D922D5F58400BC09A2 /* of_effect.framework */ = {isa = PBXFileReference; lastKnownFileType = wrapper.framework; path = of_effect.framework; sourceTree = "<group>"; };
		4801A33222D5F6D000BC09A2 /* Accelerate.framework */ = {isa = PBXFileReference; lastKnownFileType = wrapper.framework; name = Accelerate.framework; path = System/Library/Frameworks/Accelerate.framework; sourceTree = SDKROOT; };
		4801A33422D5F75A00BC09A2 /* MetalPerformanceShaders.framework */ = {isa = PBXFileReference; lastKnownFileType = wrapper.framework; name = MetalPerformanceShaders.framework; path = System/Library/Frameworks/MetalPerformanceShaders.framework; sourceTree = SDKROOT; };
		481A30B222D8353200B3A436 /* venus_models */ = {isa = PBXFileReference; lastKnownFileType = folder; path = venus_models; sourceTree = "<group>"; };
		48DC6ACB22CCBB5B0005C613 /* T3VideoCapture.app */ = {isa = PBXFileReference; explicitFileType = wrapper.application; includeInIndex = 0; path = T3VideoCapture.app; sourceTree = BUILT_PRODUCTS_DIR; };
		48DC6ACE22CCBB5B0005C613 /* AppDelegate.h */ = {isa = PBXFileReference; lastKnownFileType = sourcecode.c.h; path = AppDelegate.h; sourceTree = "<group>"; };
		48DC6ACF22CCBB5B0005C613 /* AppDelegate.m */ = {isa = PBXFileReference; lastKnownFileType = sourcecode.c.objc; path = AppDelegate.m; sourceTree = "<group>"; };
		48DC6AD522CCBB5B0005C613 /* Base */ = {isa = PBXFileReference; lastKnownFileType = file.storyboard; name = Base; path = Base.lproj/Main.storyboard; sourceTree = "<group>"; };
		48DC6AD722CCBB5C0005C613 /* Assets.xcassets */ = {isa = PBXFileReference; lastKnownFileType = folder.assetcatalog; path = Assets.xcassets; sourceTree = "<group>"; };
		48DC6ADA22CCBB5C0005C613 /* Base */ = {isa = PBXFileReference; lastKnownFileType = file.storyboard; name = Base; path = Base.lproj/LaunchScreen.storyboard; sourceTree = "<group>"; };
		48DC6ADC22CCBB5C0005C613 /* Info.plist */ = {isa = PBXFileReference; lastKnownFileType = text.plist.xml; path = Info.plist; sourceTree = "<group>"; };
		48DC6ADD22CCBB5C0005C613 /* main.m */ = {isa = PBXFileReference; lastKnownFileType = sourcecode.c.objc; path = main.m; sourceTree = "<group>"; };
		48DC6AE422CCBC980005C613 /* TTTRtcManager.h */ = {isa = PBXFileReference; fileEncoding = 4; lastKnownFileType = sourcecode.c.h; path = TTTRtcManager.h; sourceTree = "<group>"; };
		48DC6AE522CCBC980005C613 /* TTTRtcManager.m */ = {isa = PBXFileReference; fileEncoding = 4; lastKnownFileType = sourcecode.c.objc; path = TTTRtcManager.m; sourceTree = "<group>"; };
		48DC6AE722CCBCE40005C613 /* TTTLoginViewController.h */ = {isa = PBXFileReference; lastKnownFileType = sourcecode.c.h; path = TTTLoginViewController.h; sourceTree = "<group>"; };
		48DC6AE822CCBCE40005C613 /* TTTLoginViewController.m */ = {isa = PBXFileReference; lastKnownFileType = sourcecode.c.objc; path = TTTLoginViewController.m; sourceTree = "<group>"; };
		48DC6AEA22CD95F00005C613 /* TTTLiveViewController.h */ = {isa = PBXFileReference; lastKnownFileType = sourcecode.c.h; path = TTTLiveViewController.h; sourceTree = "<group>"; };
		48DC6AEB22CD95F00005C613 /* TTTLiveViewController.mm */ = {isa = PBXFileReference; lastKnownFileType = sourcecode.cpp.objcpp; path = TTTLiveViewController.mm; sourceTree = "<group>"; };
		48F3836E22FABA1900D4EB92 /* StickerTool.h */ = {isa = PBXFileReference; fileEncoding = 4; lastKnownFileType = sourcecode.c.h; path = StickerTool.h; sourceTree = "<group>"; };
		48F3836F22FABA1900D4EB92 /* StickerTool.m */ = {isa = PBXFileReference; fileEncoding = 4; lastKnownFileType = sourcecode.c.objc; path = StickerTool.m; sourceTree = "<group>"; };
		48F3837022FABA1900D4EB92 /* CameraUtil.m */ = {isa = PBXFileReference; fileEncoding = 4; lastKnownFileType = sourcecode.c.objc; path = CameraUtil.m; sourceTree = "<group>"; };
		48F3837122FABA1900D4EB92 /* FilterTool.m */ = {isa = PBXFileReference; fileEncoding = 4; lastKnownFileType = sourcecode.c.objc; path = FilterTool.m; sourceTree = "<group>"; };
		48F3837222FABA1900D4EB92 /* HTTPUtil.m */ = {isa = PBXFileReference; fileEncoding = 4; lastKnownFileType = sourcecode.c.objc; path = HTTPUtil.m; sourceTree = "<group>"; };
		48F3837322FABA1900D4EB92 /* CameraUtil.h */ = {isa = PBXFileReference; fileEncoding = 4; lastKnownFileType = sourcecode.c.h; path = CameraUtil.h; sourceTree = "<group>"; };
		48F3837422FABA1900D4EB92 /* BeautyTool.m */ = {isa = PBXFileReference; fileEncoding = 4; lastKnownFileType = sourcecode.c.objc; path = BeautyTool.m; sourceTree = "<group>"; };
		48F3837522FABA1900D4EB92 /* HTTPUtil.h */ = {isa = PBXFileReference; fileEncoding = 4; lastKnownFileType = sourcecode.c.h; path = HTTPUtil.h; sourceTree = "<group>"; };
		48F3837622FABA1900D4EB92 /* BeautyTool.h */ = {isa = PBXFileReference; fileEncoding = 4; lastKnownFileType = sourcecode.c.h; path = BeautyTool.h; sourceTree = "<group>"; };
		48F3837722FABA1900D4EB92 /* YYTool.h */ = {isa = PBXFileReference; fileEncoding = 4; lastKnownFileType = sourcecode.c.h; path = YYTool.h; sourceTree = "<group>"; };
		48F3837822FABA1900D4EB92 /* YYTool.mm */ = {isa = PBXFileReference; fileEncoding = 4; lastKnownFileType = sourcecode.cpp.objcpp; path = YYTool.mm; sourceTree = "<group>"; };
		48F3837922FABA1900D4EB92 /* FilterTool.h */ = {isa = PBXFileReference; fileEncoding = 4; lastKnownFileType = sourcecode.c.h; path = FilterTool.h; sourceTree = "<group>"; };
		48F3838022FABA4E00D4EB92 /* BeautyEffectPanel.h */ = {isa = PBXFileReference; fileEncoding = 4; lastKnownFileType = sourcecode.c.h; path = BeautyEffectPanel.h; sourceTree = "<group>"; };
		48F3838122FABA4E00D4EB92 /* StickerEffectPanel.h */ = {isa = PBXFileReference; fileEncoding = 4; lastKnownFileType = sourcecode.c.h; path = StickerEffectPanel.h; sourceTree = "<group>"; };
		48F3838222FABA4E00D4EB92 /* BeautyEffectPanel.m */ = {isa = PBXFileReference; fileEncoding = 4; lastKnownFileType = sourcecode.c.objc; path = BeautyEffectPanel.m; sourceTree = "<group>"; };
		48F3838322FABA4E00D4EB92 /* FilterEffectPanel.h */ = {isa = PBXFileReference; fileEncoding = 4; lastKnownFileType = sourcecode.c.h; path = FilterEffectPanel.h; sourceTree = "<group>"; };
		48F3838422FABA4F00D4EB92 /* StickerEffectPanel.m */ = {isa = PBXFileReference; fileEncoding = 4; lastKnownFileType = sourcecode.c.objc; path = StickerEffectPanel.m; sourceTree = "<group>"; };
		48F3838522FABA4F00D4EB92 /* FilterEffectPanel.m */ = {isa = PBXFileReference; fileEncoding = 4; lastKnownFileType = sourcecode.c.objc; path = FilterEffectPanel.m; sourceTree = "<group>"; };
		48F3838622FABA4F00D4EB92 /* EffectTool.mm */ = {isa = PBXFileReference; fileEncoding = 4; lastKnownFileType = sourcecode.cpp.objcpp; path = EffectTool.mm; sourceTree = "<group>"; };
		48F3838722FABA4F00D4EB92 /* EffectTool.h */ = {isa = PBXFileReference; fileEncoding = 4; lastKnownFileType = sourcecode.c.h; path = EffectTool.h; sourceTree = "<group>"; };
		48F3838D22FABC2C00D4EB92 /* slookuptable1.zip */ = {isa = PBXFileReference; lastKnownFileType = archive.zip; path = slookuptable1.zip; sourceTree = "<group>"; };
		48F3838E22FABC2C00D4EB92 /* slookuptable2.zip */ = {isa = PBXFileReference; lastKnownFileType = archive.zip; path = slookuptable2.zip; sourceTree = "<group>"; };
		48F3838F22FABC2C00D4EB92 /* slookuptable3.zip */ = {isa = PBXFileReference; lastKnownFileType = archive.zip; path = slookuptable3.zip; sourceTree = "<group>"; };
		48F3839022FABC2C00D4EB92 /* slookuptable4.zip */ = {isa = PBXFileReference; lastKnownFileType = archive.zip; path = slookuptable4.zip; sourceTree = "<group>"; };
		48F3839122FABC2C00D4EB92 /* slookuptable5.zip */ = {isa = PBXFileReference; lastKnownFileType = archive.zip; path = slookuptable5.zip; sourceTree = "<group>"; };
		48F3839222FABC2C00D4EB92 /* beauty.zip */ = {isa = PBXFileReference; lastKnownFileType = archive.zip; path = beauty.zip; sourceTree = "<group>"; };
		48F3839422FABC2C00D4EB92 /* beauty_11.png */ = {isa = PBXFileReference; lastKnownFileType = image.png; path = beauty_11.png; sourceTree = "<group>"; };
		48F3839522FABC2C00D4EB92 /* border.png */ = {isa = PBXFileReference; lastKnownFileType = image.png; path = border.png; sourceTree = "<group>"; };
		48F3839622FABC2C00D4EB92 /* beauty_10.png */ = {isa = PBXFileReference; lastKnownFileType = image.png; path = beauty_10.png; sourceTree = "<group>"; };
		48F3839722FABC2C00D4EB92 /* beauty_12.png */ = {isa = PBXFileReference; lastKnownFileType = image.png; path = beauty_12.png; sourceTree = "<group>"; };
		48F3839822FABC2C00D4EB92 /* beauty_original.png */ = {isa = PBXFileReference; lastKnownFileType = image.png; path = beauty_original.png; sourceTree = "<group>"; };
		48F3839922FABC2C00D4EB92 /* beauty_13.png */ = {isa = PBXFileReference; lastKnownFileType = image.png; path = beauty_13.png; sourceTree = "<group>"; };
		48F3839A22FABC2C00D4EB92 /* download.png */ = {isa = PBXFileReference; lastKnownFileType = image.png; path = download.png; sourceTree = "<group>"; };
		48F3839B22FABC2C00D4EB92 /* beauty_14.png */ = {isa = PBXFileReference; lastKnownFileType = image.png; path = beauty_14.png; sourceTree = "<group>"; };
		48F3839C22FABC2C00D4EB92 /* beauty_15.png */ = {isa = PBXFileReference; lastKnownFileType = image.png; path = beauty_15.png; sourceTree = "<group>"; };
		48F3839D22FABC2C00D4EB92 /* filter_1.png */ = {isa = PBXFileReference; lastKnownFileType = image.png; path = filter_1.png; sourceTree = "<group>"; };
		48F3839E22FABC2C00D4EB92 /* filter_3.png */ = {isa = PBXFileReference; lastKnownFileType = image.png; path = filter_3.png; sourceTree = "<group>"; };
		48F3839F22FABC2C00D4EB92 /* filter_2.png */ = {isa = PBXFileReference; lastKnownFileType = image.png; path = filter_2.png; sourceTree = "<group>"; };
		48F383A022FABC2C00D4EB92 /* circle.png */ = {isa = PBXFileReference; lastKnownFileType = image.png; path = circle.png; sourceTree = "<group>"; };
		48F383A122FABC2C00D4EB92 /* filter_6.png */ = {isa = PBXFileReference; lastKnownFileType = image.png; path = filter_6.png; sourceTree = "<group>"; };
		48F383A222FABC2C00D4EB92 /* beauty_9.png */ = {isa = PBXFileReference; lastKnownFileType = image.png; path = beauty_9.png; sourceTree = "<group>"; };
		48F383A322FABC2C00D4EB92 /* filter_5.png */ = {isa = PBXFileReference; lastKnownFileType = image.png; path = filter_5.png; sourceTree = "<group>"; };
		48F383A422FABC2C00D4EB92 /* beauty_8.png */ = {isa = PBXFileReference; lastKnownFileType = image.png; path = beauty_8.png; sourceTree = "<group>"; };
		48F383A522FABC2C00D4EB92 /* beauty_5.png */ = {isa = PBXFileReference; lastKnownFileType = image.png; path = beauty_5.png; sourceTree = "<group>"; };
		48F383A622FABC2C00D4EB92 /* beauty_4.png */ = {isa = PBXFileReference; lastKnownFileType = image.png; path = beauty_4.png; sourceTree = "<group>"; };
		48F383A722FABC2C00D4EB92 /* beauty_6.png */ = {isa = PBXFileReference; lastKnownFileType = image.png; path = beauty_6.png; sourceTree = "<group>"; };
		48F383A822FABC2C00D4EB92 /* beauty_7.png */ = {isa = PBXFileReference; lastKnownFileType = image.png; path = beauty_7.png; sourceTree = "<group>"; };
		48F383A922FABC2C00D4EB92 /* beauty_3.png */ = {isa = PBXFileReference; lastKnownFileType = image.png; path = beauty_3.png; sourceTree = "<group>"; };
		48F383AA22FABC2C00D4EB92 /* beauty_2.png */ = {isa = PBXFileReference; lastKnownFileType = image.png; path = beauty_2.png; sourceTree = "<group>"; };
		48F383AB22FABC2C00D4EB92 /* beauty_0.png */ = {isa = PBXFileReference; lastKnownFileType = image.png; path = beauty_0.png; sourceTree = "<group>"; };
		48F383AC22FABC2C00D4EB92 /* beauty_1.png */ = {isa = PBXFileReference; lastKnownFileType = image.png; path = beauty_1.png; sourceTree = "<group>"; };
		48F383AD22FABC2C00D4EB92 /* loading.png */ = {isa = PBXFileReference; lastKnownFileType = image.png; path = loading.png; sourceTree = "<group>"; };
		48F383AE22FABC2C00D4EB92 /* thumb.png */ = {isa = PBXFileReference; lastKnownFileType = image.png; path = thumb.png; sourceTree = "<group>"; };
		48F383AF22FABC2C00D4EB92 /* close.png */ = {isa = PBXFileReference; lastKnownFileType = image.png; path = close.png; sourceTree = "<group>"; };
		619E052F28CEA82CB21D026C /* Pods-T3VideoCapture.release.xcconfig */ = {isa = PBXFileReference; includeInIndex = 1; lastKnownFileType = text.xcconfig; name = "Pods-T3VideoCapture.release.xcconfig"; path = "Target Support Files/Pods-T3VideoCapture/Pods-T3VideoCapture.release.xcconfig"; sourceTree = "<group>"; };
		EE11DB4F296418BEBA12F969 /* Pods-T3VideoCapture.debug.xcconfig */ = {isa = PBXFileReference; includeInIndex = 1; lastKnownFileType = text.xcconfig; name = "Pods-T3VideoCapture.debug.xcconfig"; path = "Target Support Files/Pods-T3VideoCapture/Pods-T3VideoCapture.debug.xcconfig"; sourceTree = "<group>"; };
/* End PBXFileReference section */

/* Begin PBXFrameworksBuildPhase section */
		48DC6AC822CCBB5B0005C613 /* Frameworks */ = {
			isa = PBXFrameworksBuildPhase;
			buildActionMask = 2147483647;
			files = (
				4801A33522D5F75A00BC09A2 /* MetalPerformanceShaders.framework in Frameworks */,
				4801A33322D5F6D000BC09A2 /* Accelerate.framework in Frameworks */,
				4801A2DA22D5F58400BC09A2 /* of_effect.framework in Frameworks */,
				A946D5B2AE62271D19EF18D6 /* Pods_T3VideoCapture.framework in Frameworks */,
			);
			runOnlyForDeploymentPostprocessing = 0;
		};
/* End PBXFrameworksBuildPhase section */

/* Begin PBXGroup section */
		4801A2DB22D5F68B00BC09A2 /* YY */ = {
			isa = PBXGroup;
			children = (
				48F3838C22FABC2C00D4EB92 /* effects */,
				48F3839322FABC2C00D4EB92 /* images */,
				481A30B222D8353200B3A436 /* venus_models */,
			);
			path = YY;
			sourceTree = "<group>";
		};
		4801A33622D6D19800BC09A2 /* YYTool */ = {
			isa = PBXGroup;
			children = (
				48F3837622FABA1900D4EB92 /* BeautyTool.h */,
				48F3837422FABA1900D4EB92 /* BeautyTool.m */,
				48F3837322FABA1900D4EB92 /* CameraUtil.h */,
				48F3837022FABA1900D4EB92 /* CameraUtil.m */,
				48F3837922FABA1900D4EB92 /* FilterTool.h */,
				48F3837122FABA1900D4EB92 /* FilterTool.m */,
				48F3837522FABA1900D4EB92 /* HTTPUtil.h */,
				48F3837222FABA1900D4EB92 /* HTTPUtil.m */,
				48F3836E22FABA1900D4EB92 /* StickerTool.h */,
				48F3836F22FABA1900D4EB92 /* StickerTool.m */,
				48F3837722FABA1900D4EB92 /* YYTool.h */,
				48F3837822FABA1900D4EB92 /* YYTool.mm */,
			);
			path = YYTool;
			sourceTree = "<group>";
		};
		481A30A322D82E0100B3A436 /* YYUI */ = {
			isa = PBXGroup;
			children = (
				48F3838022FABA4E00D4EB92 /* BeautyEffectPanel.h */,
				48F3838222FABA4E00D4EB92 /* BeautyEffectPanel.m */,
				48F3838722FABA4F00D4EB92 /* EffectTool.h */,
				48F3838622FABA4F00D4EB92 /* EffectTool.mm */,
				48F3838322FABA4E00D4EB92 /* FilterEffectPanel.h */,
				48F3838522FABA4F00D4EB92 /* FilterEffectPanel.m */,
				48F3838122FABA4E00D4EB92 /* StickerEffectPanel.h */,
				48F3838422FABA4F00D4EB92 /* StickerEffectPanel.m */,
			);
			path = YYUI;
			sourceTree = "<group>";
		};
		48DC6AC222CCBB5B0005C613 = {
			isa = PBXGroup;
			children = (
				48DC6ACD22CCBB5B0005C613 /* T3VideoCapture */,
				48DC6ACC22CCBB5B0005C613 /* Products */,
				869BB3D4F2005252F9EE2DAA /* Pods */,
				87F88C5B21C5375D53DD0EE3 /* Frameworks */,
			);
			sourceTree = "<group>";
		};
		48DC6ACC22CCBB5B0005C613 /* Products */ = {
			isa = PBXGroup;
			children = (
				48DC6ACB22CCBB5B0005C613 /* T3VideoCapture.app */,
			);
			name = Products;
			sourceTree = "<group>";
		};
		48DC6ACD22CCBB5B0005C613 /* T3VideoCapture */ = {
			isa = PBXGroup;
			children = (
				48DC6ACE22CCBB5B0005C613 /* AppDelegate.h */,
				48DC6ACF22CCBB5B0005C613 /* AppDelegate.m */,
				48DC6AE422CCBC980005C613 /* TTTRtcManager.h */,
				48DC6AE522CCBC980005C613 /* TTTRtcManager.m */,
				48DC6AE722CCBCE40005C613 /* TTTLoginViewController.h */,
				48DC6AE822CCBCE40005C613 /* TTTLoginViewController.m */,
				48DC6AEA22CD95F00005C613 /* TTTLiveViewController.h */,
				48DC6AEB22CD95F00005C613 /* TTTLiveViewController.mm */,
				481A30A322D82E0100B3A436 /* YYUI */,
				4801A33622D6D19800BC09A2 /* YYTool */,
				4801A2DB22D5F68B00BC09A2 /* YY */,
				4801A2D922D5F58400BC09A2 /* of_effect.framework */,
				48DC6AD422CCBB5B0005C613 /* Main.storyboard */,
				48DC6AD722CCBB5C0005C613 /* Assets.xcassets */,
				48DC6AD922CCBB5C0005C613 /* LaunchScreen.storyboard */,
				48DC6ADC22CCBB5C0005C613 /* Info.plist */,
				48DC6ADD22CCBB5C0005C613 /* main.m */,
			);
			path = T3VideoCapture;
			sourceTree = "<group>";
		};
		48F3838C22FABC2C00D4EB92 /* effects */ = {
			isa = PBXGroup;
			children = (
				48F3838D22FABC2C00D4EB92 /* slookuptable1.zip */,
				48F3838E22FABC2C00D4EB92 /* slookuptable2.zip */,
				48F3838F22FABC2C00D4EB92 /* slookuptable3.zip */,
				48F3839022FABC2C00D4EB92 /* slookuptable4.zip */,
				48F3839122FABC2C00D4EB92 /* slookuptable5.zip */,
				48F3839222FABC2C00D4EB92 /* beauty.zip */,
			);
			path = effects;
			sourceTree = "<group>";
		};
		48F3839322FABC2C00D4EB92 /* images */ = {
			isa = PBXGroup;
			children = (
				48F3839422FABC2C00D4EB92 /* beauty_11.png */,
				48F3839522FABC2C00D4EB92 /* border.png */,
				48F3839622FABC2C00D4EB92 /* beauty_10.png */,
				48F3839722FABC2C00D4EB92 /* beauty_12.png */,
				48F3839822FABC2C00D4EB92 /* beauty_original.png */,
				48F3839922FABC2C00D4EB92 /* beauty_13.png */,
				48F3839A22FABC2C00D4EB92 /* download.png */,
				48F3839B22FABC2C00D4EB92 /* beauty_14.png */,
				48F3839C22FABC2C00D4EB92 /* beauty_15.png */,
				48F3839D22FABC2C00D4EB92 /* filter_1.png */,
				48F3839E22FABC2C00D4EB92 /* filter_3.png */,
				48F3839F22FABC2C00D4EB92 /* filter_2.png */,
				48F383A022FABC2C00D4EB92 /* circle.png */,
				48F383A122FABC2C00D4EB92 /* filter_6.png */,
				48F383A222FABC2C00D4EB92 /* beauty_9.png */,
				48F383A322FABC2C00D4EB92 /* filter_5.png */,
				48F383A422FABC2C00D4EB92 /* beauty_8.png */,
				48F383A522FABC2C00D4EB92 /* beauty_5.png */,
				48F383A622FABC2C00D4EB92 /* beauty_4.png */,
				48F383A722FABC2C00D4EB92 /* beauty_6.png */,
				48F383A822FABC2C00D4EB92 /* beauty_7.png */,
				48F383A922FABC2C00D4EB92 /* beauty_3.png */,
				48F383AA22FABC2C00D4EB92 /* beauty_2.png */,
				48F383AB22FABC2C00D4EB92 /* beauty_0.png */,
				48F383AC22FABC2C00D4EB92 /* beauty_1.png */,
				48F383AD22FABC2C00D4EB92 /* loading.png */,
				48F383AE22FABC2C00D4EB92 /* thumb.png */,
				48F383AF22FABC2C00D4EB92 /* close.png */,
			);
			path = images;
			sourceTree = "<group>";
		};
		869BB3D4F2005252F9EE2DAA /* Pods */ = {
			isa = PBXGroup;
			children = (
				EE11DB4F296418BEBA12F969 /* Pods-T3VideoCapture.debug.xcconfig */,
				619E052F28CEA82CB21D026C /* Pods-T3VideoCapture.release.xcconfig */,
			);
			path = Pods;
			sourceTree = "<group>";
		};
		87F88C5B21C5375D53DD0EE3 /* Frameworks */ = {
			isa = PBXGroup;
			children = (
				4801A33422D5F75A00BC09A2 /* MetalPerformanceShaders.framework */,
				4801A33222D5F6D000BC09A2 /* Accelerate.framework */,
				129C76C4D097F77AB094864B /* Pods_T3VideoCapture.framework */,
			);
			name = Frameworks;
			sourceTree = "<group>";
		};
/* End PBXGroup section */

/* Begin PBXNativeTarget section */
		48DC6ACA22CCBB5B0005C613 /* T3VideoCapture */ = {
			isa = PBXNativeTarget;
			buildConfigurationList = 48DC6AE122CCBB5C0005C613 /* Build configuration list for PBXNativeTarget "T3VideoCapture" */;
			buildPhases = (
				0098C6FCF8388183290200A6 /* [CP] Check Pods Manifest.lock */,
				48DC6AC722CCBB5B0005C613 /* Sources */,
				48DC6AC822CCBB5B0005C613 /* Frameworks */,
				48DC6AC922CCBB5B0005C613 /* Resources */,
			);
			buildRules = (
			);
			dependencies = (
			);
			name = T3VideoCapture;
			productName = T3VideoCapture;
			productReference = 48DC6ACB22CCBB5B0005C613 /* T3VideoCapture.app */;
			productType = "com.apple.product-type.application";
		};
/* End PBXNativeTarget section */

/* Begin PBXProject section */
		48DC6AC322CCBB5B0005C613 /* Project object */ = {
			isa = PBXProject;
			attributes = {
				LastUpgradeCheck = 1020;
				ORGANIZATIONNAME = yanzhen;
				TargetAttributes = {
					48DC6ACA22CCBB5B0005C613 = {
						CreatedOnToolsVersion = 10.2.1;
						SystemCapabilities = {
							com.apple.BackgroundModes = {
								enabled = 1;
							};
						};
					};
				};
			};
			buildConfigurationList = 48DC6AC622CCBB5B0005C613 /* Build configuration list for PBXProject "T3VideoCapture" */;
			compatibilityVersion = "Xcode 9.3";
			developmentRegion = en;
			hasScannedForEncodings = 0;
			knownRegions = (
				en,
				Base,
			);
			mainGroup = 48DC6AC222CCBB5B0005C613;
			productRefGroup = 48DC6ACC22CCBB5B0005C613 /* Products */;
			projectDirPath = "";
			projectRoot = "";
			targets = (
				48DC6ACA22CCBB5B0005C613 /* T3VideoCapture */,
			);
		};
/* End PBXProject section */

/* Begin PBXResourcesBuildPhase section */
		48DC6AC922CCBB5B0005C613 /* Resources */ = {
			isa = PBXResourcesBuildPhase;
			buildActionMask = 2147483647;
			files = (
				48F383CF22FABC2C00D4EB92 /* loading.png in Resources */,
				48F383CD22FABC2C00D4EB92 /* beauty_0.png in Resources */,
				48F383B422FABC2C00D4EB92 /* slookuptable5.zip in Resources */,
				48F383BF22FABC2C00D4EB92 /* filter_1.png in Resources */,
				48F383C922FABC2C00D4EB92 /* beauty_6.png in Resources */,
				48F383B622FABC2C00D4EB92 /* beauty_11.png in Resources */,
				48F383B022FABC2C00D4EB92 /* slookuptable1.zip in Resources */,
				48F383B222FABC2C00D4EB92 /* slookuptable3.zip in Resources */,
				48DC6ADB22CCBB5C0005C613 /* LaunchScreen.storyboard in Resources */,
				48F383C822FABC2C00D4EB92 /* beauty_4.png in Resources */,
				48F383D122FABC2C00D4EB92 /* close.png in Resources */,
				48F383CC22FABC2C00D4EB92 /* beauty_2.png in Resources */,
				48F383B322FABC2C00D4EB92 /* slookuptable4.zip in Resources */,
				48F383C422FABC2C00D4EB92 /* beauty_9.png in Resources */,
				481A30B522D8353200B3A436 /* venus_models in Resources */,
				48F383C722FABC2C00D4EB92 /* beauty_5.png in Resources */,
				48F383B722FABC2C00D4EB92 /* border.png in Resources */,
				48F383C022FABC2C00D4EB92 /* filter_3.png in Resources */,
				48F383BD22FABC2C00D4EB92 /* beauty_14.png in Resources */,
				48F383BA22FABC2C00D4EB92 /* beauty_original.png in Resources */,
				48F383BE22FABC2C00D4EB92 /* beauty_15.png in Resources */,
				48F383C622FABC2C00D4EB92 /* beauty_8.png in Resources */,
				48F383D022FABC2C00D4EB92 /* thumb.png in Resources */,
				48F383B122FABC2C00D4EB92 /* slookuptable2.zip in Resources */,
				48F383BC22FABC2C00D4EB92 /* download.png in Resources */,
				48F383CA22FABC2C00D4EB92 /* beauty_7.png in Resources */,
				48DC6AD822CCBB5C0005C613 /* Assets.xcassets in Resources */,
				48F383C222FABC2C00D4EB92 /* circle.png in Resources */,
				48F383C122FABC2C00D4EB92 /* filter_2.png in Resources */,
				48F383C322FABC2C00D4EB92 /* filter_6.png in Resources */,
				48F383B822FABC2C00D4EB92 /* beauty_10.png in Resources */,
				48DC6AD622CCBB5B0005C613 /* Main.storyboard in Resources */,
				48F383CB22FABC2C00D4EB92 /* beauty_3.png in Resources */,
				48F383BB22FABC2C00D4EB92 /* beauty_13.png in Resources */,
				48F383B922FABC2C00D4EB92 /* beauty_12.png in Resources */,
				48F383CE22FABC2C00D4EB92 /* beauty_1.png in Resources */,
				48F383B522FABC2C00D4EB92 /* beauty.zip in Resources */,
				48F383C522FABC2C00D4EB92 /* filter_5.png in Resources */,
			);
			runOnlyForDeploymentPostprocessing = 0;
		};
/* End PBXResourcesBuildPhase section */

/* Begin PBXShellScriptBuildPhase section */
		0098C6FCF8388183290200A6 /* [CP] Check Pods Manifest.lock */ = {
			isa = PBXShellScriptBuildPhase;
			buildActionMask = 2147483647;
			files = (
			);
			inputFileListPaths = (
			);
			inputPaths = (
				"${PODS_PODFILE_DIR_PATH}/Podfile.lock",
				"${PODS_ROOT}/Manifest.lock",
			);
			name = "[CP] Check Pods Manifest.lock";
			outputFileListPaths = (
			);
			outputPaths = (
				"$(DERIVED_FILE_DIR)/Pods-T3VideoCapture-checkManifestLockResult.txt",
			);
			runOnlyForDeploymentPostprocessing = 0;
			shellPath = /bin/sh;
			shellScript = "diff \"${PODS_PODFILE_DIR_PATH}/Podfile.lock\" \"${PODS_ROOT}/Manifest.lock\" > /dev/null\nif [ $? != 0 ] ; then\n    # print error to STDERR\n    echo \"error: The sandbox is not in sync with the Podfile.lock. Run 'pod install' or update your CocoaPods installation.\" >&2\n    exit 1\nfi\n# This output is used by Xcode 'outputs' to avoid re-running this script phase.\necho \"SUCCESS\" > \"${SCRIPT_OUTPUT_FILE_0}\"\n";
			showEnvVarsInLog = 0;
		};
/* End PBXShellScriptBuildPhase section */

/* Begin PBXSourcesBuildPhase section */
		48DC6AC722CCBB5B0005C613 /* Sources */ = {
			isa = PBXSourcesBuildPhase;
			buildActionMask = 2147483647;
			files = (
				48F3837D22FABA1900D4EB92 /* HTTPUtil.m in Sources */,
				48F3838822FABA4F00D4EB92 /* BeautyEffectPanel.m in Sources */,
				48DC6ADE22CCBB5C0005C613 /* main.m in Sources */,
				48DC6AE922CCBCE40005C613 /* TTTLoginViewController.m in Sources */,
				48F3837B22FABA1900D4EB92 /* CameraUtil.m in Sources */,
				48DC6AE622CCBC980005C613 /* TTTRtcManager.m in Sources */,
				48DC6AEC22CD95F00005C613 /* TTTLiveViewController.mm in Sources */,
				48F3837C22FABA1900D4EB92 /* FilterTool.m in Sources */,
				48DC6AD022CCBB5B0005C613 /* AppDelegate.m in Sources */,
				48F3838A22FABA4F00D4EB92 /* FilterEffectPanel.m in Sources */,
				48F3837A22FABA1900D4EB92 /* StickerTool.m in Sources */,
				48F3837E22FABA1900D4EB92 /* BeautyTool.m in Sources */,
				48F3837F22FABA1900D4EB92 /* YYTool.mm in Sources */,
				48F3838B22FABA4F00D4EB92 /* EffectTool.mm in Sources */,
				48F3838922FABA4F00D4EB92 /* StickerEffectPanel.m in Sources */,
			);
			runOnlyForDeploymentPostprocessing = 0;
		};
/* End PBXSourcesBuildPhase section */

/* Begin PBXVariantGroup section */
		48DC6AD422CCBB5B0005C613 /* Main.storyboard */ = {
			isa = PBXVariantGroup;
			children = (
				48DC6AD522CCBB5B0005C613 /* Base */,
			);
			name = Main.storyboard;
			sourceTree = "<group>";
		};
		48DC6AD922CCBB5C0005C613 /* LaunchScreen.storyboard */ = {
			isa = PBXVariantGroup;
			children = (
				48DC6ADA22CCBB5C0005C613 /* Base */,
			);
			name = LaunchScreen.storyboard;
			sourceTree = "<group>";
		};
/* End PBXVariantGroup section */

/* Begin XCBuildConfiguration section */
		48DC6ADF22CCBB5C0005C613 /* Debug */ = {
			isa = XCBuildConfiguration;
			buildSettings = {
				ALWAYS_SEARCH_USER_PATHS = NO;
				CLANG_ANALYZER_NONNULL = YES;
				CLANG_ANALYZER_NUMBER_OBJECT_CONVERSION = YES_AGGRESSIVE;
				CLANG_CXX_LANGUAGE_STANDARD = "gnu++14";
				CLANG_CXX_LIBRARY = "libc++";
				CLANG_ENABLE_MODULES = YES;
				CLANG_ENABLE_OBJC_ARC = YES;
				CLANG_ENABLE_OBJC_WEAK = YES;
				CLANG_WARN_BLOCK_CAPTURE_AUTORELEASING = YES;
				CLANG_WARN_BOOL_CONVERSION = YES;
				CLANG_WARN_COMMA = YES;
				CLANG_WARN_CONSTANT_CONVERSION = YES;
				CLANG_WARN_DEPRECATED_OBJC_IMPLEMENTATIONS = YES;
				CLANG_WARN_DIRECT_OBJC_ISA_USAGE = YES_ERROR;
				CLANG_WARN_DOCUMENTATION_COMMENTS = YES;
				CLANG_WARN_EMPTY_BODY = YES;
				CLANG_WARN_ENUM_CONVERSION = YES;
				CLANG_WARN_INFINITE_RECURSION = YES;
				CLANG_WARN_INT_CONVERSION = YES;
				CLANG_WARN_NON_LITERAL_NULL_CONVERSION = YES;
				CLANG_WARN_OBJC_IMPLICIT_RETAIN_SELF = YES;
				CLANG_WARN_OBJC_LITERAL_CONVERSION = YES;
				CLANG_WARN_OBJC_ROOT_CLASS = YES_ERROR;
				CLANG_WARN_RANGE_LOOP_ANALYSIS = YES;
				CLANG_WARN_STRICT_PROTOTYPES = YES;
				CLANG_WARN_SUSPICIOUS_MOVE = YES;
				CLANG_WARN_UNGUARDED_AVAILABILITY = YES_AGGRESSIVE;
				CLANG_WARN_UNREACHABLE_CODE = YES;
				CLANG_WARN__DUPLICATE_METHOD_MATCH = YES;
				CODE_SIGN_IDENTITY = "iPhone Developer";
				COPY_PHASE_STRIP = NO;
				DEBUG_INFORMATION_FORMAT = dwarf;
				ENABLE_STRICT_OBJC_MSGSEND = YES;
				ENABLE_TESTABILITY = YES;
				GCC_C_LANGUAGE_STANDARD = gnu11;
				GCC_DYNAMIC_NO_PIC = NO;
				GCC_NO_COMMON_BLOCKS = YES;
				GCC_OPTIMIZATION_LEVEL = 0;
				GCC_PREPROCESSOR_DEFINITIONS = (
					"DEBUG=1",
					"$(inherited)",
				);
				GCC_WARN_64_TO_32_BIT_CONVERSION = YES;
				GCC_WARN_ABOUT_RETURN_TYPE = YES_ERROR;
				GCC_WARN_UNDECLARED_SELECTOR = YES;
				GCC_WARN_UNINITIALIZED_AUTOS = YES_AGGRESSIVE;
				GCC_WARN_UNUSED_FUNCTION = YES;
				GCC_WARN_UNUSED_VARIABLE = YES;
				IPHONEOS_DEPLOYMENT_TARGET = 12.2;
				MTL_ENABLE_DEBUG_INFO = INCLUDE_SOURCE;
				MTL_FAST_MATH = YES;
				ONLY_ACTIVE_ARCH = YES;
				SDKROOT = iphoneos;
			};
			name = Debug;
		};
		48DC6AE022CCBB5C0005C613 /* Release */ = {
			isa = XCBuildConfiguration;
			buildSettings = {
				ALWAYS_SEARCH_USER_PATHS = NO;
				CLANG_ANALYZER_NONNULL = YES;
				CLANG_ANALYZER_NUMBER_OBJECT_CONVERSION = YES_AGGRESSIVE;
				CLANG_CXX_LANGUAGE_STANDARD = "gnu++14";
				CLANG_CXX_LIBRARY = "libc++";
				CLANG_ENABLE_MODULES = YES;
				CLANG_ENABLE_OBJC_ARC = YES;
				CLANG_ENABLE_OBJC_WEAK = YES;
				CLANG_WARN_BLOCK_CAPTURE_AUTORELEASING = YES;
				CLANG_WARN_BOOL_CONVERSION = YES;
				CLANG_WARN_COMMA = YES;
				CLANG_WARN_CONSTANT_CONVERSION = YES;
				CLANG_WARN_DEPRECATED_OBJC_IMPLEMENTATIONS = YES;
				CLANG_WARN_DIRECT_OBJC_ISA_USAGE = YES_ERROR;
				CLANG_WARN_DOCUMENTATION_COMMENTS = YES;
				CLANG_WARN_EMPTY_BODY = YES;
				CLANG_WARN_ENUM_CONVERSION = YES;
				CLANG_WARN_INFINITE_RECURSION = YES;
				CLANG_WARN_INT_CONVERSION = YES;
				CLANG_WARN_NON_LITERAL_NULL_CONVERSION = YES;
				CLANG_WARN_OBJC_IMPLICIT_RETAIN_SELF = YES;
				CLANG_WARN_OBJC_LITERAL_CONVERSION = YES;
				CLANG_WARN_OBJC_ROOT_CLASS = YES_ERROR;
				CLANG_WARN_RANGE_LOOP_ANALYSIS = YES;
				CLANG_WARN_STRICT_PROTOTYPES = YES;
				CLANG_WARN_SUSPICIOUS_MOVE = YES;
				CLANG_WARN_UNGUARDED_AVAILABILITY = YES_AGGRESSIVE;
				CLANG_WARN_UNREACHABLE_CODE = YES;
				CLANG_WARN__DUPLICATE_METHOD_MATCH = YES;
				CODE_SIGN_IDENTITY = "iPhone Developer";
				COPY_PHASE_STRIP = NO;
				DEBUG_INFORMATION_FORMAT = "dwarf-with-dsym";
				ENABLE_NS_ASSERTIONS = NO;
				ENABLE_STRICT_OBJC_MSGSEND = YES;
				GCC_C_LANGUAGE_STANDARD = gnu11;
				GCC_NO_COMMON_BLOCKS = YES;
				GCC_WARN_64_TO_32_BIT_CONVERSION = YES;
				GCC_WARN_ABOUT_RETURN_TYPE = YES_ERROR;
				GCC_WARN_UNDECLARED_SELECTOR = YES;
				GCC_WARN_UNINITIALIZED_AUTOS = YES_AGGRESSIVE;
				GCC_WARN_UNUSED_FUNCTION = YES;
				GCC_WARN_UNUSED_VARIABLE = YES;
				IPHONEOS_DEPLOYMENT_TARGET = 12.2;
				MTL_ENABLE_DEBUG_INFO = NO;
				MTL_FAST_MATH = YES;
				SDKROOT = iphoneos;
				VALIDATE_PRODUCT = YES;
			};
			name = Release;
		};
		48DC6AE222CCBB5C0005C613 /* Debug */ = {
			isa = XCBuildConfiguration;
			baseConfigurationReference = EE11DB4F296418BEBA12F969 /* Pods-T3VideoCapture.debug.xcconfig */;
			buildSettings = {
				ASSETCATALOG_COMPILER_APPICON_NAME = AppIcon;
				CODE_SIGN_STYLE = Automatic;
				DEVELOPMENT_TEAM = 7XP66VHL84;
				FRAMEWORK_SEARCH_PATHS = (
					"$(inherited)",
					"$(PROJECT_DIR)/T3VideoCapture",
				);
				INFOPLIST_FILE = T3VideoCapture/Info.plist;
				IPHONEOS_DEPLOYMENT_TARGET = 9.0;
				LD_RUNPATH_SEARCH_PATHS = (
					"$(inherited)",
					"@executable_path/Frameworks",
				);
				PRODUCT_BUNDLE_IDENTIFIER = cn.3ttech.test;
				PRODUCT_NAME = "$(TARGET_NAME)";
				TARGETED_DEVICE_FAMILY = "1,2";
			};
			name = Debug;
		};
		48DC6AE322CCBB5C0005C613 /* Release */ = {
			isa = XCBuildConfiguration;
			baseConfigurationReference = 619E052F28CEA82CB21D026C /* Pods-T3VideoCapture.release.xcconfig */;
			buildSettings = {
				ASSETCATALOG_COMPILER_APPICON_NAME = AppIcon;
				CODE_SIGN_STYLE = Automatic;
				DEVELOPMENT_TEAM = 7XP66VHL84;
				FRAMEWORK_SEARCH_PATHS = (
					"$(inherited)",
					"$(PROJECT_DIR)/T3VideoCapture",
				);
				INFOPLIST_FILE = T3VideoCapture/Info.plist;
				IPHONEOS_DEPLOYMENT_TARGET = 9.0;
				LD_RUNPATH_SEARCH_PATHS = (
					"$(inherited)",
					"@executable_path/Frameworks",
				);
				PRODUCT_BUNDLE_IDENTIFIER = cn.3ttech.test;
				PRODUCT_NAME = "$(TARGET_NAME)";
				TARGETED_DEVICE_FAMILY = "1,2";
			};
			name = Release;
		};
/* End XCBuildConfiguration section */

/* Begin XCConfigurationList section */
		48DC6AC622CCBB5B0005C613 /* Build configuration list for PBXProject "T3VideoCapture" */ = {
			isa = XCConfigurationList;
			buildConfigurations = (
				48DC6ADF22CCBB5C0005C613 /* Debug */,
				48DC6AE022CCBB5C0005C613 /* Release */,
			);
			defaultConfigurationIsVisible = 0;
			defaultConfigurationName = Release;
		};
		48DC6AE122CCBB5C0005C613 /* Build configuration list for PBXNativeTarget "T3VideoCapture" */ = {
			isa = XCConfigurationList;
			buildConfigurations = (
				48DC6AE222CCBB5C0005C613 /* Debug */,
				48DC6AE322CCBB5C0005C613 /* Release */,
			);
			defaultConfigurationIsVisible = 0;
			defaultConfigurationName = Release;
		};
/* End XCConfigurationList section */
	};
	rootObject = 48DC6AC322CCBB5B0005C613 /* Project object */;
}
